
Microsoft Visual Studio Solution File, Format Version 12.00
# Visual Studio 2013
VisualStudioVersion = 12.0.21005.1
MinimumVisualStudioVersion = 10.0.40219.1
Project("{FAE04EC0-301F-11D3-BF4B-00C04F79EFBC}") = "ConsoleTimer", "ConsoleTimer.csproj", "{5E74C2F9-6A17-4FEB-9EEC-517AFBF7995B}"
EndProject
Global
	GlobalSection(SolutionConfigurationPlatforms) = preSolution
		Debug|Any CPU = Debug|Any CPU
		Release|Any CPU = Release|Any CPU
	EndGlobalSection
	GlobalSection(ProjectConfigurationPlatforms) = postSolution
		{5E74C2F9-6A17-4FEB-9EEC-517AFBF7995B}.Debug|Any CPU.ActiveCfg = Debug|Any CPU
		{5E74C2F9-6A17-4FEB-9EEC-517AFBF7995B}.Debug|Any CPU.Build.0 = Debug|Any CPU
		{5E74C2F9-6A17-4FEB-9EEC-517AFBF7995B}.Release|Any CPU.ActiveCfg = Release|Any CPU
		{5E74C2F9-6A17-4FEB-9EEC-517AFBF7995B}.Release|Any CPU.Build.0 = Release|Any CPU
	EndGlobalSection
	GlobalSection(SolutionProperties) = preSolution
		HideSolutionNode = FALSE
	EndGlobalSection
EndGlobal
